
Microsoft Visual Studio Solution File, Format Version 12.00
# Visual Studio Version 16
VisualStudioVersion = 16.0.31220.234
MinimumVisualStudioVersion = 10.0.40219.1
Project("{FAE04EC0-301F-11D3-BF4B-00C04F79EFBC}") = "ITSKonfBlazor.Server", "ITSKonfBlazor.Server\ITSKonfBlazor.Server.csproj", "{603C5D8F-1FC4-42DF-A29E-B9D78C6DB1FE}"
EndProject
Global
	GlobalSection(SolutionConfigurationPlatforms) = preSolution
		Debug|Any CPU = Debug|Any CPU
		Release|Any CPU = Release|Any CPU
	EndGlobalSection
	GlobalSection(ProjectConfigurationPlatforms) = postSolution
		{603C5D8F-1FC4-42DF-A29E-B9D78C6DB1FE}.Debug|Any CPU.ActiveCfg = Debug|Any CPU
		{603C5D8F-1FC4-42DF-A29E-B9D78C6DB1FE}.Debug|Any CPU.Build.0 = Debug|Any CPU
		{603C5D8F-1FC4-42DF-A29E-B9D78C6DB1FE}.Release|Any CPU.ActiveCfg = Release|Any CPU
		{603C5D8F-1FC4-42DF-A29E-B9D78C6DB1FE}.Release|Any CPU.Build.0 = Release|Any CPU
	EndGlobalSection
	GlobalSection(SolutionProperties) = preSolution
		HideSolutionNode = FALSE
	EndGlobalSection
	GlobalSection(ExtensibilityGlobals) = postSolution
		SolutionGuid = {608C3C28-1734-48FF-BDD0-625D23F17B50}
	EndGlobalSection
EndGlobal
